<?xml version="1.0" encoding="utf-8"?>
<Project ToolsVersion="4.0" xmlns="http://schemas.microsoft.com/developer/msbuild/2003">
  <ItemGroup>
    <Filter Include="Header Files">
      <UniqueIdentifier>{93995380-89BD-4b04-88EB-625FBE52EBFB}</UniqueIdentifier>
      <Extensions>h;hh;hpp;hxx;h++;hm;inl;inc;ipp;xsd</Extensions>
    </Filter>
    <Filter Include="Core">
      <UniqueIdentifier>{f075312a-9cf0-43bf-b0d4-2646aaca0d47}</UniqueIdentifier>
    </Filter>
    <Filter Include="Structures">
      <UniqueIdentifier>{339a9567-ab21-4ba1-a9fb-38fddc2c9a3c}</UniqueIdentifier>
    </Filter>
    <Filter Include="Utility">
      <UniqueIdentifier>{1f024ccc-3a58-46bc-b65e-4a4132018526}</UniqueIdentifier>
    </Filter>
    <Filter Include="Interfaces">
      <UniqueIdentifier>{7775f54f-68e4-4368-9dc7-43b81d8f1a4f}</UniqueIdentifier>
    </Filter>
  </ItemGroup>
  <ItemGroup>
    <ClInclude Include="MicroToolKit.h">
      <Filter>Header Files</Filter>
    </ClInclude>
    <ClInclude Include="mtkpch.h">
      <Filter>Header Files</Filter>
    </ClInclude>
    <ClInclude Include="Structures\Array.h">
      <Filter>Structures</Filter>
    </ClInclude>
    <ClInclude Include="Structures\LinkedList.h">
      <Filter>Structures</Filter>
    </ClInclude>
    <ClInclude Include="Structures\List.h">
      <Filter>Structures</Filter>
    </ClInclude>
    <ClInclude Include="Structures\Map.h">
      <Filter>Structures</Filter>
    </ClInclude>
    <ClInclude Include="Structures\Queue.h">
      <Filter>Structures</Filter>
    </ClInclude>
    <ClInclude Include="Structures\Set.h">
      <Filter>Structures</Filter>
    </ClInclude>
    <ClInclude Include="Structures\Stack.h">
      <Filter>Structures</Filter>
    </ClInclude>
    <ClInclude Include="Core\Function.h">
      <Filter>Core</Filter>
    </ClInclude>
    <ClInclude Include="DebugUtils\Timer.h">
      <Filter>Core</Filter>
    </ClInclude>
    <ClInclude Include="Core\Memory.h">
      <Filter>Core</Filter>
    </ClInclude>
    <ClInclude Include="Core\Typedef.h">
      <Filter>Core</Filter>
    </ClInclude>
    <ClInclude Include="Utility\DoubleNode.h">
      <Filter>Utility</Filter>
    </ClInclude>
    <ClInclude Include="Utility\HashNode.h">
      <Filter>Utility</Filter>
    </ClInclude>
    <ClInclude Include="Utility\MultiNode.h">
      <Filter>Utility</Filter>
    </ClInclude>
    <ClInclude Include="Utility\SingleNode.h">
      <Filter>Utility</Filter>
    </ClInclude>
    <ClInclude Include="Utility\Sort.h">
      <Filter>Utility</Filter>
    </ClInclude>
    <ClInclude Include="Utility\Tuple.h">
      <Filter>Utility</Filter>
    </ClInclude>
    <ClInclude Include="Interfaces\IStruct.h">
      <Filter>Interfaces</Filter>
    </ClInclude>
    <ClInclude Include="Interfaces\IConvert.h">
      <Filter>Interfaces</Filter>
    </ClInclude>
    <ClInclude Include="Interfaces\IDataHandler.h">
      <Filter>Interfaces</Filter>
    </ClInclude>
    <ClInclude Include="Interfaces\IHashTable.h">
      <Filter>Interfaces</Filter>
    </ClInclude>
    <ClInclude Include="Interfaces\IHashable.h">
      <Filter>Interfaces</Filter>
    </ClInclude>
    <ClInclude Include="Interfaces\IExtendable.h">
      <Filter>Interfaces</Filter>
    </ClInclude>
    <ClInclude Include="Utility\Random.h">
      <Filter>Header Files</Filter>
    </ClInclude>
    <ClInclude Include="Utility\StringUtils.h">
      <Filter>Header Files</Filter>
    </ClInclude>
    <ClInclude Include="DebugUtils\Log.h">
      <Filter>Header Files</Filter>
    </ClInclude>
    <ClInclude Include="Core\Core.h">
      <Filter>Header Files</Filter>
    </ClInclude>
    <ClInclude Include="File\FileHandler.h">
      <Filter>Header Files</Filter>
    </ClInclude>
  </ItemGroup>
</Project>