
Microsoft Visual Studio Solution File, Format Version 12.00
Project("{8BC9CEB8-8B4A-11D0-8D11-00A0C91BC942}") = "MicroToolKit", "MicroToolKit.vcxproj", "{178D11F0-133A-4B67-A65E-892E3E66260B}"
EndProject
Global
	GlobalSection(SolutionConfigurationPlatforms) = preSolution
		Debug|Win32 = Debug|Win32
		Debug|x64 = Debug|x64
		Release|Win32 = Release|Win32
		Release|x64 = Release|x64
	EndGlobalSection
	GlobalSection(ProjectConfigurationPlatforms) = postSolution
		{178D11F0-133A-4B67-A65E-892E3E66260B}.Debug|Win32.ActiveCfg = Debug|Win32
		{178D11F0-133A-4B67-A65E-892E3E66260B}.Debug|Win32.Build.0 = Debug|Win32
		{178D11F0-133A-4B67-A65E-892E3E66260B}.Debug|x64.ActiveCfg = Debug|x64
		{178D11F0-133A-4B67-A65E-892E3E66260B}.Debug|x64.Build.0 = Debug|x64
		{178D11F0-133A-4B67-A65E-892E3E66260B}.Release|Win32.ActiveCfg = Release|Win32
		{178D11F0-133A-4B67-A65E-892E3E66260B}.Release|Win32.Build.0 = Release|Win32
		{178D11F0-133A-4B67-A65E-892E3E66260B}.Release|x64.ActiveCfg = Release|x64
		{178D11F0-133A-4B67-A65E-892E3E66260B}.Release|x64.Build.0 = Release|x64
	EndGlobalSection
EndGlobal
